{
  "name": "prompto",
  "version": "1.0.0",
  "lockfileVersion": 1,
  "requires": true,
  "dependencies": {
    "cohere": {
      "version": "1.1.1",
      "resolved": "https://registry.npmjs.org/cohere/-/cohere-1.1.1.tgz",
      "integrity": "sha512-D116FKTuauCShJjPuOAFnkyAPMhV/6f403+yPZwyyFY6gErK1AA41y9rQdBvj8eHDZ9sXVJ6TzmzObVfAFh3ig=="
    },
    "cohere-ai": {
      "version": "4.3.0",
      "resolved": "https://registry.npmjs.org/cohere-ai/-/cohere-ai-4.3.0.tgz",
      "integrity": "sha512-Vt1m18zN/BdRIXiHiKDLbgfQydx5l4dtPDPuZ7i3e8wqC36/yJXb/TrE3YdlK2Kg+jHEBXFlLpu7QokLBJwg/w=="
    }
  }
}
